{
  "name": "@mfhttp/app",
  "lockfileVersion": 2,
  "requires": true,
  "packages": {
    "": {
      "name": "@mfhttp/app",
      "dependencies": {
        "@mfhttp/router": "^1.0.1",
        "regexparam": "^2.0.0"
      },
      "engines": {
        "node": ">=12.4.0"
      },
      "version": "1.0.2"
    },
    "node_modules/@mfhttp/router": {
      "version": "1.0.1",
      "resolved": "https://registry.npmjs.org/@mfhttp/router/-/router-1.0.1.tgz",
      "integrity": "sha512-4KmAwr5Sx0YqOjB8sKfcHAeP5+50KEYQQN4siUw5KOJf6wm58I/QYYt0k1IaNx6/3xPxIsJ2H9uHhipNzM8U6A==",
      "dependencies": {
        "regexparam": "^2.0.0"
      },
      "engines": {
        "node": ">=12.4.0"
      }
    },
    "node_modules/regexparam": {
      "version": "2.0.0",
      "resolved": "https://registry.npmjs.org/regexparam/-/regexparam-2.0.0.tgz",
      "integrity": "sha512-gJKwd2MVPWHAIFLsaYDZfyKzHNS4o7E/v8YmNf44vmeV2e4YfVoDToTOKTvE7ab68cRJ++kLuEXJBaEeJVt5ow==",
      "engines": {
        "node": ">=8"
      }
    }
  },
  "dependencies": {
    "@mfhttp/router": {
      "version": "1.0.1",
      "resolved": "https://registry.npmjs.org/@mfhttp/router/-/router-1.0.1.tgz",
      "integrity": "sha512-4KmAwr5Sx0YqOjB8sKfcHAeP5+50KEYQQN4siUw5KOJf6wm58I/QYYt0k1IaNx6/3xPxIsJ2H9uHhipNzM8U6A==",
      "requires": {
        "regexparam": "^2.0.0"
      }
    },
    "regexparam": {
      "version": "2.0.0",
      "resolved": "https://registry.npmjs.org/regexparam/-/regexparam-2.0.0.tgz",
      "integrity": "sha512-gJKwd2MVPWHAIFLsaYDZfyKzHNS4o7E/v8YmNf44vmeV2e4YfVoDToTOKTvE7ab68cRJ++kLuEXJBaEeJVt5ow=="
    }
  },
  "version": "1.0.2"
}
